
Microsoft Visual Studio Solution File, Format Version 12.00
# Visual Studio Version 17
VisualStudioVersion = 17.1.32328.378
MinimumVisualStudioVersion = 10.0.40219.1
Project("{9A19103F-16F7-4668-BE54-9A1E7A4F7556}") = "Police Eye Witness Tracker", "Police Eye Witness Tracker\Police Eye Witness Tracker.csproj", "{0F6EF4F5-E56A-4A81-8108-3907111BAB33}"
EndProject
Global
	GlobalSection(SolutionConfigurationPlatforms) = preSolution
		Debug|Any CPU = Debug|Any CPU
		Release|Any CPU = Release|Any CPU
	EndGlobalSection
	GlobalSection(ProjectConfigurationPlatforms) = postSolution
		{0F6EF4F5-E56A-4A81-8108-3907111BAB33}.Debug|Any CPU.ActiveCfg = Debug|Any CPU
		{0F6EF4F5-E56A-4A81-8108-3907111BAB33}.Debug|Any CPU.Build.0 = Debug|Any CPU
		{0F6EF4F5-E56A-4A81-8108-3907111BAB33}.Release|Any CPU.ActiveCfg = Release|Any CPU
		{0F6EF4F5-E56A-4A81-8108-3907111BAB33}.Release|Any CPU.Build.0 = Release|Any CPU
	EndGlobalSection
	GlobalSection(SolutionProperties) = preSolution
		HideSolutionNode = FALSE
	EndGlobalSection
	GlobalSection(ExtensibilityGlobals) = postSolution
		SolutionGuid = {15338585-7C3E-4ED3-B6A4-431071BCCDAB}
	EndGlobalSection
EndGlobal
